
Microsoft Visual Studio Solution File, Format Version 12.00
# Visual Studio Version 17
VisualStudioVersion = 17.1.32228.430
MinimumVisualStudioVersion = 10.0.40219.1
Project("{FAE04EC0-301F-11D3-BF4B-00C04F79EFBC}") = "bbbbbbbbbbbbbbbb", "bbbbbbbbbbbbbbbb.csproj", "{D2F115C8-570F-476F-9DEC-4E38CC5F16AB}"
EndProject
Global
	GlobalSection(SolutionConfigurationPlatforms) = preSolution
		Debug|Any CPU = Debug|Any CPU
		Release|Any CPU = Release|Any CPU
	EndGlobalSection
	GlobalSection(ProjectConfigurationPlatforms) = postSolution
		{D2F115C8-570F-476F-9DEC-4E38CC5F16AB}.Debug|Any CPU.ActiveCfg = Debug|Any CPU
		{D2F115C8-570F-476F-9DEC-4E38CC5F16AB}.Debug|Any CPU.Build.0 = Debug|Any CPU
		{D2F115C8-570F-476F-9DEC-4E38CC5F16AB}.Release|Any CPU.ActiveCfg = Release|Any CPU
		{D2F115C8-570F-476F-9DEC-4E38CC5F16AB}.Release|Any CPU.Build.0 = Release|Any CPU
	EndGlobalSection
	GlobalSection(SolutionProperties) = preSolution
		HideSolutionNode = FALSE
	EndGlobalSection
	GlobalSection(ExtensibilityGlobals) = postSolution
		SolutionGuid = {F2791902-5E14-4EE8-AA7C-9B5E9B4EE116}
	EndGlobalSection
EndGlobal
